{
  "name": "book-cli",
  "version": "1.2.0",
  "lockfileVersion": 1,
  "requires": true,
  "dependencies": {
    "mime": {
      "version": "1.2.11",
      "resolved": "https://registry.npm.taobao.org/mime/download/mime-1.2.11.tgz?cache=0&sync_timestamp=1560034758817&other_urls=https%3A%2F%2Fregistry.npm.taobao.org%2Fmime%2Fdownload%2Fmime-1.2.11.tgz",
      "integrity": "sha1-WCA+7Ybjpe8XrtK32evUfwpg3RA="
    },
    "minimist": {
      "version": "0.2.4",
      "resolved": "https://registry.npmjs.org/minimist/-/minimist-0.2.4.tgz",
      "integrity": "sha512-Pkrrm8NjyQ8yVt8Am9M+yUt74zE3iokhzbG1bFVNjLB92vwM71hf40RkEsryg98BujhVOncKm/C1xROxZ030LQ=="
    },
    "static-html-server": {
      "version": "0.1.2",
      "resolved": "https://registry.npm.taobao.org/static-html-server/download/static-html-server-0.1.2.tgz",
      "integrity": "sha1-15EKUUZRSlaZX4KqYOSIHjTCSvo=",
      "requires": {
        "mime": "~1.2.11",
        "minimist": "^0.2.0"
      }
    }
  }
}
